
Microsoft Visual Studio Solution File, Format Version 12.00
Project("{FAE04EC0-301F-11D3-BF4B-00C04F79EFBC}") = "TheBank.ConsoleGUI", "TheBank.ConsoleGUI\TheBank.ConsoleGUI.csproj", "{36C30FDE-25CF-4E93-A63C-932BB83B2309}"
EndProject
Project("{FAE04EC0-301F-11D3-BF4B-00C04F79EFBC}") = "TheBank.BusinessLogicLayer", "TheBank.BusinessLogicLayer\TheBank.BusinessLogicLayer.csproj", "{EDD3031A-6865-43E0-B904-F5638FE5A3B1}"
EndProject
Project("{FAE04EC0-301F-11D3-BF4B-00C04F79EFBC}") = "TheBank.DataAccessLayer", "TheBank.DataAccessLayer\TheBank.DataAccessLayer.csproj", "{8BB3C869-CDA3-46C0-9EF3-AED084557712}"
EndProject
Project("{FAE04EC0-301F-11D3-BF4B-00C04F79EFBC}") = "TheBank.Common", "TheBank.Common\TheBank.Common.csproj", "{DE0F08CA-0F76-4909-9A49-81A15A75E430}"
EndProject
Project("{FAE04EC0-301F-11D3-BF4B-00C04F79EFBC}") = "TheBank.Services", "TheBank.Services\TheBank.Services.csproj", "{EEBF0B3B-D597-4F8B-8D28-1A7CD37D5226}"
EndProject
Global
	GlobalSection(SolutionConfigurationPlatforms) = preSolution
		Debug|Any CPU = Debug|Any CPU
		Release|Any CPU = Release|Any CPU
	EndGlobalSection
	GlobalSection(ProjectConfigurationPlatforms) = postSolution
		{36C30FDE-25CF-4E93-A63C-932BB83B2309}.Debug|Any CPU.ActiveCfg = Debug|Any CPU
		{36C30FDE-25CF-4E93-A63C-932BB83B2309}.Debug|Any CPU.Build.0 = Debug|Any CPU
		{36C30FDE-25CF-4E93-A63C-932BB83B2309}.Release|Any CPU.ActiveCfg = Release|Any CPU
		{36C30FDE-25CF-4E93-A63C-932BB83B2309}.Release|Any CPU.Build.0 = Release|Any CPU
		{EDD3031A-6865-43E0-B904-F5638FE5A3B1}.Debug|Any CPU.ActiveCfg = Debug|Any CPU
		{EDD3031A-6865-43E0-B904-F5638FE5A3B1}.Debug|Any CPU.Build.0 = Debug|Any CPU
		{EDD3031A-6865-43E0-B904-F5638FE5A3B1}.Release|Any CPU.ActiveCfg = Release|Any CPU
		{EDD3031A-6865-43E0-B904-F5638FE5A3B1}.Release|Any CPU.Build.0 = Release|Any CPU
		{8BB3C869-CDA3-46C0-9EF3-AED084557712}.Debug|Any CPU.ActiveCfg = Debug|Any CPU
		{8BB3C869-CDA3-46C0-9EF3-AED084557712}.Debug|Any CPU.Build.0 = Debug|Any CPU
		{8BB3C869-CDA3-46C0-9EF3-AED084557712}.Release|Any CPU.ActiveCfg = Release|Any CPU
		{8BB3C869-CDA3-46C0-9EF3-AED084557712}.Release|Any CPU.Build.0 = Release|Any CPU
		{DE0F08CA-0F76-4909-9A49-81A15A75E430}.Debug|Any CPU.ActiveCfg = Debug|Any CPU
		{DE0F08CA-0F76-4909-9A49-81A15A75E430}.Debug|Any CPU.Build.0 = Debug|Any CPU
		{DE0F08CA-0F76-4909-9A49-81A15A75E430}.Release|Any CPU.ActiveCfg = Release|Any CPU
		{DE0F08CA-0F76-4909-9A49-81A15A75E430}.Release|Any CPU.Build.0 = Release|Any CPU
		{EEBF0B3B-D597-4F8B-8D28-1A7CD37D5226}.Debug|Any CPU.ActiveCfg = Debug|Any CPU
		{EEBF0B3B-D597-4F8B-8D28-1A7CD37D5226}.Debug|Any CPU.Build.0 = Debug|Any CPU
		{EEBF0B3B-D597-4F8B-8D28-1A7CD37D5226}.Release|Any CPU.ActiveCfg = Release|Any CPU
		{EEBF0B3B-D597-4F8B-8D28-1A7CD37D5226}.Release|Any CPU.Build.0 = Release|Any CPU
	EndGlobalSection
EndGlobal
