
Microsoft Visual Studio Solution File, Format Version 12.00
Project("{FAE04EC0-301F-11D3-BF4B-00C04F79EFBC}") = "TheBank.Core", "TheBank.Core\TheBank.Core.csproj", "{36C30FDE-25CF-4E93-A63C-932BB83B2309}"
EndProject
Global
	GlobalSection(SolutionConfigurationPlatforms) = preSolution
		Debug|Any CPU = Debug|Any CPU
		Release|Any CPU = Release|Any CPU
	EndGlobalSection
	GlobalSection(ProjectConfigurationPlatforms) = postSolution
		{36C30FDE-25CF-4E93-A63C-932BB83B2309}.Debug|Any CPU.ActiveCfg = Debug|Any CPU
		{36C30FDE-25CF-4E93-A63C-932BB83B2309}.Debug|Any CPU.Build.0 = Debug|Any CPU
		{36C30FDE-25CF-4E93-A63C-932BB83B2309}.Release|Any CPU.ActiveCfg = Release|Any CPU
		{36C30FDE-25CF-4E93-A63C-932BB83B2309}.Release|Any CPU.Build.0 = Release|Any CPU
	EndGlobalSection
EndGlobal
